
Microsoft Visual Studio Solution File, Format Version 12.00
# Visual Studio Version 17
VisualStudioVersion = 17.7.34018.315
MinimumVisualStudioVersion = 10.0.40219.1
Project("{2150E333-8FDC-42A3-9474-1A3956D46DE8}") = "Microservices", "Microservices", "{A91A1EA7-0E57-44D8-B916-0AE75362C615}"
EndProject
Project("{FAE04EC0-301F-11D3-BF4B-00C04F79EFBC}") = "Worker_GrpcService", "Worker_GrpcService\Worker_GrpcService.csproj", "{853F930A-56B1-48C7-A2FF-2279E2C26C49}"
EndProject
Project("{FAE04EC0-301F-11D3-BF4B-00C04F79EFBC}") = "UI", "UI\UI.csproj", "{D29BD394-C2F4-4D77-9BF4-FBAD814B97A5}"
EndProject
Global
	GlobalSection(SolutionConfigurationPlatforms) = preSolution
		Debug|Any CPU = Debug|Any CPU
		Release|Any CPU = Release|Any CPU
	EndGlobalSection
	GlobalSection(ProjectConfigurationPlatforms) = postSolution
		{853F930A-56B1-48C7-A2FF-2279E2C26C49}.Debug|Any CPU.ActiveCfg = Debug|Any CPU
		{853F930A-56B1-48C7-A2FF-2279E2C26C49}.Debug|Any CPU.Build.0 = Debug|Any CPU
		{853F930A-56B1-48C7-A2FF-2279E2C26C49}.Release|Any CPU.ActiveCfg = Release|Any CPU
		{853F930A-56B1-48C7-A2FF-2279E2C26C49}.Release|Any CPU.Build.0 = Release|Any CPU
		{D29BD394-C2F4-4D77-9BF4-FBAD814B97A5}.Debug|Any CPU.ActiveCfg = Debug|Any CPU
		{D29BD394-C2F4-4D77-9BF4-FBAD814B97A5}.Debug|Any CPU.Build.0 = Debug|Any CPU
		{D29BD394-C2F4-4D77-9BF4-FBAD814B97A5}.Release|Any CPU.ActiveCfg = Release|Any CPU
		{D29BD394-C2F4-4D77-9BF4-FBAD814B97A5}.Release|Any CPU.Build.0 = Release|Any CPU
	EndGlobalSection
	GlobalSection(SolutionProperties) = preSolution
		HideSolutionNode = FALSE
	EndGlobalSection
	GlobalSection(NestedProjects) = preSolution
		{853F930A-56B1-48C7-A2FF-2279E2C26C49} = {A91A1EA7-0E57-44D8-B916-0AE75362C615}
	EndGlobalSection
	GlobalSection(ExtensibilityGlobals) = postSolution
		SolutionGuid = {A79F8950-3051-4F98-BF22-8540B8676C22}
	EndGlobalSection
EndGlobal
